
Microsoft Visual Studio Solution File, Format Version 12.00
# Visual Studio Version 17
VisualStudioVersion = 17.8.34322.80
MinimumVisualStudioVersion = 10.0.40219.1
Project("{9A19103F-16F7-4668-BE54-9A1E7A4F7556}") = "WebAPI", "Web\WebAPI.csproj", "{7D30A56C-D72E-4E50-92CC-ACC561516465}"
EndProject
Project("{9A19103F-16F7-4668-BE54-9A1E7A4F7556}") = "BusinessObjects", "Objects\BusinessObjects.csproj", "{3118E648-D409-4841-85E1-5B1B77D7C1A1}"
EndProject
Project("{9A19103F-16F7-4668-BE54-9A1E7A4F7556}") = "WebClient", "WebClient\WebClient.csproj", "{90ABAA03-73C5-43A4-8ED8-9BB1B319D7E9}"
EndProject
Project("{9A19103F-16F7-4668-BE54-9A1E7A4F7556}") = "DataAccess", "DataAccess\DataAccess.csproj", "{DEA0D471-76D4-4606-B9AA-D381019A8533}"
EndProject
Project("{9A19103F-16F7-4668-BE54-9A1E7A4F7556}") = "Repositories", "Repository\Repositories.csproj", "{0F2C84A5-D881-4E0B-AB59-15E2A305AF4F}"
EndProject
Global
	GlobalSection(SolutionConfigurationPlatforms) = preSolution
		Debug|Any CPU = Debug|Any CPU
		Release|Any CPU = Release|Any CPU
	EndGlobalSection
	GlobalSection(ProjectConfigurationPlatforms) = postSolution
		{7D30A56C-D72E-4E50-92CC-ACC561516465}.Debug|Any CPU.ActiveCfg = Debug|Any CPU
		{7D30A56C-D72E-4E50-92CC-ACC561516465}.Debug|Any CPU.Build.0 = Debug|Any CPU
		{7D30A56C-D72E-4E50-92CC-ACC561516465}.Release|Any CPU.ActiveCfg = Release|Any CPU
		{7D30A56C-D72E-4E50-92CC-ACC561516465}.Release|Any CPU.Build.0 = Release|Any CPU
		{3118E648-D409-4841-85E1-5B1B77D7C1A1}.Debug|Any CPU.ActiveCfg = Debug|Any CPU
		{3118E648-D409-4841-85E1-5B1B77D7C1A1}.Debug|Any CPU.Build.0 = Debug|Any CPU
		{3118E648-D409-4841-85E1-5B1B77D7C1A1}.Release|Any CPU.ActiveCfg = Release|Any CPU
		{3118E648-D409-4841-85E1-5B1B77D7C1A1}.Release|Any CPU.Build.0 = Release|Any CPU
		{90ABAA03-73C5-43A4-8ED8-9BB1B319D7E9}.Debug|Any CPU.ActiveCfg = Debug|Any CPU
		{90ABAA03-73C5-43A4-8ED8-9BB1B319D7E9}.Debug|Any CPU.Build.0 = Debug|Any CPU
		{90ABAA03-73C5-43A4-8ED8-9BB1B319D7E9}.Release|Any CPU.ActiveCfg = Release|Any CPU
		{90ABAA03-73C5-43A4-8ED8-9BB1B319D7E9}.Release|Any CPU.Build.0 = Release|Any CPU
		{DEA0D471-76D4-4606-B9AA-D381019A8533}.Debug|Any CPU.ActiveCfg = Debug|Any CPU
		{DEA0D471-76D4-4606-B9AA-D381019A8533}.Debug|Any CPU.Build.0 = Debug|Any CPU
		{DEA0D471-76D4-4606-B9AA-D381019A8533}.Release|Any CPU.ActiveCfg = Release|Any CPU
		{DEA0D471-76D4-4606-B9AA-D381019A8533}.Release|Any CPU.Build.0 = Release|Any CPU
		{0F2C84A5-D881-4E0B-AB59-15E2A305AF4F}.Debug|Any CPU.ActiveCfg = Debug|Any CPU
		{0F2C84A5-D881-4E0B-AB59-15E2A305AF4F}.Debug|Any CPU.Build.0 = Debug|Any CPU
		{0F2C84A5-D881-4E0B-AB59-15E2A305AF4F}.Release|Any CPU.ActiveCfg = Release|Any CPU
		{0F2C84A5-D881-4E0B-AB59-15E2A305AF4F}.Release|Any CPU.Build.0 = Release|Any CPU
	EndGlobalSection
	GlobalSection(SolutionProperties) = preSolution
		HideSolutionNode = FALSE
	EndGlobalSection
	GlobalSection(ExtensibilityGlobals) = postSolution
		SolutionGuid = {DEE276CA-E424-4EAF-B890-BA7E5CC22AD7}
	EndGlobalSection
EndGlobal
